{
  "version": "5",
  "specifiers": {
    "npm:@anthropic-ai/sdk@0.113.0": "0.113.0",
    "npm:web-push@*": "3.6.7"
  },
  "npm": {
    "@anthropic-ai/sdk@0.113.0": {
      "integrity": "sha512-8YKIP333ypmy8QjtSP691fIqdes3HL/rSXAT4FDZX/HRnkQaNG+iOVBfEQw4vjPNpYHeoy7FSYc2o/jb8b3AnA==",
      "dependencies": [
        "json-schema-to-ts",
        "standardwebhooks"
      ],
      "bin": true
    },
    "@babel/runtime@7.29.7": {
      "integrity": "sha512-Nq8OhGWiZIZGV6hLHoyAKLLcJihP/xFeBMGJoUrxTX2psI8dCifzLhZISFb+VWS3wFMRDmCGw5R+dOySCqPLhw=="
    },
    "@stablelib/base64@1.0.1": {
      "integrity": "sha512-1bnPQqSxSuc3Ii6MhBysoWCg58j97aUjuCSZrGSmDxNqtytIi0k8utUenAwTZN4V5mXXYGsVUI9zeBqy+jBOSQ=="
    },
    "agent-base@7.1.4": {
      "integrity": "sha512-MnA+YT8fwfJPgBx3m60MNqakm30XOkyIoH1y6huTQvC0PwZG7ki8NacLBcrPbNoo8vEZy7Jpuk7+jMO+CUovTQ=="
    },
    "asn1.js@5.4.1": {
      "integrity": "sha512-+I//4cYPccV8LdmBLiX8CYvf9Sp3vQsrqu2QNXRcrbiWvcx/UdlFiqUJJzxRQxgsZmvhXhn4cSKeSmoFjVdupA==",
      "dependencies": [
        "bn.js",
        "inherits",
        "minimalistic-assert",
        "safer-buffer"
      ]
    },
    "bn.js@4.12.5": {
      "integrity": "sha512-3aRg6/JxfffFD+OlOjOFR3Vo79l39ooBTFucxx+MT3dhCtzn3EmiUPQo+6/OZuI2jbXi3YKgmiTFBgChQMwIRQ=="
    },
    "buffer-equal-constant-time@1.0.1": {
      "integrity": "sha512-zRpUiDwd/xk6ADqPMATG8vc9VPrkck7T07OIx0gnjmJAnHnTVXNQG3vfvWNuiZIkwu9KrKdA1iJKfsfTVxE6NA=="
    },
    "debug@4.4.3": {
      "integrity": "sha512-RGwwWnwQvkVfavKVt22FGLw+xYSdzARwm0ru6DhTVA3umU5hZc28V3kO4stgYryrTlLpuvgI9GiijltAjNbcqA==",
      "dependencies": [
        "ms"
      ]
    },
    "ecdsa-sig-formatter@1.0.11": {
      "integrity": "sha512-nagl3RYrbNv6kQkeJIpt6NJZy8twLB/2vtz6yN9Z4vRKHN4/QZJIEbqohALSgwKdnksuY3k5Addp5lg8sVoVcQ==",
      "dependencies": [
        "safe-buffer"
      ]
    },
    "fast-sha256@1.3.0": {
      "integrity": "sha512-n11RGP/lrWEFI/bWdygLxhI+pVeo1ZYIVwvvPkW7azl/rOy+F3HYRZ2K5zeE9mmkhQppyv9sQFx0JM9UabnpPQ=="
    },
    "http_ece@1.2.0": {
      "integrity": "sha512-JrF8SSLVmcvc5NducxgyOrKXe3EsyHMgBFgSaIUGmArKe+rwr0uphRkRXvwiom3I+fpIfoItveHrfudL8/rxuA=="
    },
    "https-proxy-agent@7.0.6": {
      "integrity": "sha512-vK9P5/iUfdl95AI+JVyUuIcVtd4ofvtrOr3HNtM2yxC9bnMbEdp3x01OhQNnjb8IJYi38VlTE3mBXwcfvywuSw==",
      "dependencies": [
        "agent-base",
        "debug"
      ]
    },
    "inherits@2.0.4": {
      "integrity": "sha512-k/vGaX4/Yla3WzyMCvTQOXYeIHvqOKtnqBduzTHpzpQZzAskKMhZ2K+EnBiSM9zGSoIFeMpXKxa4dYeZIQqewQ=="
    },
    "json-schema-to-ts@3.1.1": {
      "integrity": "sha512-+DWg8jCJG2TEnpy7kOm/7/AxaYoaRbjVB4LFZLySZlWn8exGs3A4OLJR966cVvU26N7X9TWxl+Jsw7dzAqKT6g==",
      "dependencies": [
        "@babel/runtime",
        "ts-algebra"
      ]
    },
    "jwa@2.0.1": {
      "integrity": "sha512-hRF04fqJIP8Abbkq5NKGN0Bbr3JxlQ+qhZufXVr0DvujKy93ZCbXZMHDL4EOtodSbCWxOqR8MS1tXA5hwqCXDg==",
      "dependencies": [
        "buffer-equal-constant-time",
        "ecdsa-sig-formatter",
        "safe-buffer"
      ]
    },
    "jws@4.0.1": {
      "integrity": "sha512-EKI/M/yqPncGUUh44xz0PxSidXFr/+r0pA70+gIYhjv+et7yxM+s29Y+VGDkovRofQem0fs7Uvf4+YmAdyRduA==",
      "dependencies": [
        "jwa",
        "safe-buffer"
      ]
    },
    "minimalistic-assert@1.0.1": {
      "integrity": "sha512-UtJcAD4yEaGtjPezWuO9wC4nwUnVH/8/Im3yEHQP4b67cXlD/Qr9hdITCU1xDbSEXg2XKNaP8jsReV7vQd00/A=="
    },
    "minimist@1.2.8": {
      "integrity": "sha512-2yyAR8qBkN3YuheJanUpWC5U3bb5osDywNB8RzDVlDwDHbocAJveqqj1u8+SVD7jkWT4yvsHCpWqqWqAxb0zCA=="
    },
    "ms@2.1.3": {
      "integrity": "sha512-6FlzubTLZG3J2a/NVCAleEhjzq5oxgHyaCU9yYXvcLsvoVaHJq/s5xXI6/XXP6tz7R9xAOtHnSO/tXtF3WRTlA=="
    },
    "safe-buffer@5.2.1": {
      "integrity": "sha512-rp3So07KcdmmKbGvgaNxQSJr7bGVSVk5S9Eq1F+ppbRo70+YeaDxkw5Dd8NPN+GD6bjnYm2VuPuCXmpuYvmCXQ=="
    },
    "safer-buffer@2.1.2": {
      "integrity": "sha512-YZo3K82SD7Riyi0E1EQPojLz7kpepnSQI9IyPbHHg1XXXevb5dJI7tpyN2ADxGcQbHG7vcyRHk0cbwqcQriUtg=="
    },
    "standardwebhooks@1.0.0": {
      "integrity": "sha512-BbHGOQK9olHPMvQNHWul6MYlrRTAOKn03rOe4A8O3CLWhNf4YHBqq2HJKKC+sfqpxiBY52pNeesD6jIiLDz8jg==",
      "dependencies": [
        "@stablelib/base64",
        "fast-sha256"
      ]
    },
    "ts-algebra@2.0.0": {
      "integrity": "sha512-FPAhNPFMrkwz76P7cdjdmiShwMynZYN6SgOujD1urY4oNm80Ou9oMdmbR45LotcKOXoy7wSmHkRFE6Mxbrhefw=="
    },
    "web-push@3.6.7": {
      "integrity": "sha512-OpiIUe8cuGjrj3mMBFWY+e4MMIkW3SVT+7vEIjvD9kejGUypv8GPDf84JdPWskK8zMRIJ6xYGm+Kxr8YkPyA0A==",
      "dependencies": [
        "asn1.js",
        "http_ece",
        "https-proxy-agent",
        "jws",
        "minimist"
      ],
      "bin": true
    }
  },
  "redirects": {
    "https://esm.sh/@supabase/phoenix@^0.4.0?target=denonext": "https://esm.sh/@supabase/phoenix@0.4.5?target=denonext",
    "https://esm.sh/@supabase/supabase-js@2": "https://esm.sh/@supabase/supabase-js@2.104.0",
    "https://esm.sh/iceberg-js@^0.8.1?target=denonext": "https://esm.sh/iceberg-js@0.8.1?target=denonext"
  },
  "remote": {
    "https://deno.land/std@0.168.0/async/abortable.ts": "80b2ac399f142cc528f95a037a7d0e653296352d95c681e284533765961de409",
    "https://deno.land/std@0.168.0/async/deadline.ts": "2c2deb53c7c28ca1dda7a3ad81e70508b1ebc25db52559de6b8636c9278fd41f",
    "https://deno.land/std@0.168.0/async/debounce.ts": "60301ffb37e730cd2d6f9dadfd0ecb2a38857681bd7aaf6b0a106b06e5210a98",
    "https://deno.land/std@0.168.0/async/deferred.ts": "77d3f84255c3627f1cc88699d8472b664d7635990d5358c4351623e098e917d6",
    "https://deno.land/std@0.168.0/async/delay.ts": "5a9bfba8de38840308a7a33786a0155a7f6c1f7a859558ddcec5fe06e16daf57",
    "https://deno.land/std@0.168.0/async/mod.ts": "7809ad4bb223e40f5fdc043e5c7ca04e0e25eed35c32c3c32e28697c553fa6d9",
    "https://deno.land/std@0.168.0/async/mux_async_iterator.ts": "770a0ff26c59f8bbbda6b703a2235f04e379f73238e8d66a087edc68c2a2c35f",
    "https://deno.land/std@0.168.0/async/pool.ts": "6854d8cd675a74c73391c82005cbbe4cc58183bddcd1fbbd7c2bcda42b61cf69",
    "https://deno.land/std@0.168.0/async/retry.ts": "e8e5173623915bbc0ddc537698fa418cf875456c347eda1ed453528645b42e67",
    "https://deno.land/std@0.168.0/async/tee.ts": "3a47cc4e9a940904fd4341f0224907e199121c80b831faa5ec2b054c6d2eff5e",
    "https://deno.land/std@0.168.0/fmt/colors.ts": "03ad95e543d2808bc43c17a3dd29d25b43d0f16287fe562a0be89bf632454a12",
    "https://deno.land/std@0.168.0/http/server.ts": "e99c1bee8a3f6571ee4cdeb2966efad465b8f6fe62bec1bdb59c1f007cc4d155",
    "https://deno.land/std@0.168.0/testing/_diff.ts": "a23e7fc2b4d8daa3e158fa06856bedf5334ce2a2831e8bf9e509717f455adb2c",
    "https://deno.land/std@0.168.0/testing/_format.ts": "cd11136e1797791045e639e9f0f4640d5b4166148796cad37e6ef75f7d7f3832",
    "https://deno.land/std@0.168.0/testing/asserts.ts": "51353e79437361d4b02d8e32f3fc83b22231bc8f8d4c841d86fd32b0b0afe940",
    "https://esm.sh/@supabase/auth-js@2.104.0/denonext/auth-js.mjs": "f763eae1447eb512a49299770aec5d21d032bf6834656cbb32054fd6c726f124",
    "https://esm.sh/@supabase/functions-js@2.104.0/denonext/functions-js.mjs": "764c6c1937ca431cd7c5f25e6d63870588c484143cb530c5b13fa3b269c19a08",
    "https://esm.sh/@supabase/phoenix@0.4.5/denonext/phoenix.mjs": "40bd2a70829cd847848baac58e635bacd83fd62188f6624b44e2c295341004eb",
    "https://esm.sh/@supabase/phoenix@0.4.5?target=denonext": "28b2760cf24e1117ed0644a665bfab1c60d132872fa95bcae4cc3fecc7499ee2",
    "https://esm.sh/@supabase/postgrest-js@2.104.0/denonext/postgrest-js.mjs": "ac45540fddc650c414affa88a3f11fa7ec5485a3e4b755e6eb34680c74931504",
    "https://esm.sh/@supabase/realtime-js@2.104.0/denonext/realtime-js.mjs": "10c5933231934056f9332d230c2e06eb71d051054e500f0b22ebbb6fb7982793",
    "https://esm.sh/@supabase/storage-js@2.104.0/denonext/storage-js.mjs": "7fc224d9704bfa5b030d8c6dbb9b153cdcdfec09a9d2e68ef3badace569debbf",
    "https://esm.sh/@supabase/supabase-js@2.104.0": "67037e235b6fbec8e8eed1ca97714a9379c8cc60af4e8747dfe6cf4c43f661bb",
    "https://esm.sh/@supabase/supabase-js@2.104.0/denonext/supabase-js.mjs": "2cf79c9faa8bef0c7718a0e02c6dee4c70a4f7e7c74d084132f6a8fa8b65b157",
    "https://esm.sh/iceberg-js@0.8.1/denonext/iceberg-js.mjs": "d839d81a2e3966500ca2cdd0c1cb458e9608bacfc91f7bb67a69b2e878dcdb4f",
    "https://esm.sh/iceberg-js@0.8.1?target=denonext": "58c849d7fe2bf4eca4a84eb501e83c161a7d8c34ca1bec15a962b3bec3062633",
    "https://esm.sh/tslib@2.8.1/denonext/tslib.mjs": "c38da5dd6da6281964435002ce204cd586634fe3bdfb24a0ee116f48cf3292e9"
  }
}
